
Microsoft Visual Studio Solution File, Format Version 12.00
# Visual Studio Version 16
VisualStudioVersion = 16.0.31624.102
MinimumVisualStudioVersion = 10.0.40219.1
Project("{8BC9CEB8-8B4A-11D0-8D11-00A0C91BC942}") = "lab1", "lab1\lab1.vcxproj", "{98FE6E8B-9A87-4999-BF78-A122FA0075FA}"
EndProject
Project("{8BC9CEB8-8B4A-11D0-8D11-00A0C91BC942}") = "lab2", "lab2\lab2.vcxproj", "{8EB4E7E2-5C55-40BB-B97F-BC2667A4E899}"
EndProject
Project("{8BC9CEB8-8B4A-11D0-8D11-00A0C91BC942}") = "lab3", "lab3\lab3.vcxproj", "{752E39BA-D12B-4F05-9635-1B6A6DCFE14B}"
EndProject
Project("{8BC9CEB8-8B4A-11D0-8D11-00A0C91BC942}") = "lab4", "lab4\lab4.vcxproj", "{3DF1573C-D595-4A45-A3ED-43C5CCCE6042}"
EndProject
Project("{8BC9CEB8-8B4A-11D0-8D11-00A0C91BC942}") = "lab5", "lab5\lab5.vcxproj", "{9ED96C69-70AA-46FE-B251-D56CD768BAE6}"
EndProject
Global
	GlobalSection(SolutionConfigurationPlatforms) = preSolution
		Debug|x64 = Debug|x64
		Debug|x86 = Debug|x86
		Release|x64 = Release|x64
		Release|x86 = Release|x86
	EndGlobalSection
	GlobalSection(ProjectConfigurationPlatforms) = postSolution
		{98FE6E8B-9A87-4999-BF78-A122FA0075FA}.Debug|x64.ActiveCfg = Debug|x64
		{98FE6E8B-9A87-4999-BF78-A122FA0075FA}.Debug|x64.Build.0 = Debug|x64
		{98FE6E8B-9A87-4999-BF78-A122FA0075FA}.Debug|x86.ActiveCfg = Debug|Win32
		{98FE6E8B-9A87-4999-BF78-A122FA0075FA}.Debug|x86.Build.0 = Debug|Win32
		{98FE6E8B-9A87-4999-BF78-A122FA0075FA}.Release|x64.ActiveCfg = Release|x64
		{98FE6E8B-9A87-4999-BF78-A122FA0075FA}.Release|x64.Build.0 = Release|x64
		{98FE6E8B-9A87-4999-BF78-A122FA0075FA}.Release|x86.ActiveCfg = Release|Win32
		{98FE6E8B-9A87-4999-BF78-A122FA0075FA}.Release|x86.Build.0 = Release|Win32
		{8EB4E7E2-5C55-40BB-B97F-BC2667A4E899}.Debug|x64.ActiveCfg = Debug|x64
		{8EB4E7E2-5C55-40BB-B97F-BC2667A4E899}.Debug|x64.Build.0 = Debug|x64
		{8EB4E7E2-5C55-40BB-B97F-BC2667A4E899}.Debug|x86.ActiveCfg = Debug|Win32
		{8EB4E7E2-5C55-40BB-B97F-BC2667A4E899}.Debug|x86.Build.0 = Debug|Win32
		{8EB4E7E2-5C55-40BB-B97F-BC2667A4E899}.Release|x64.ActiveCfg = Release|x64
		{8EB4E7E2-5C55-40BB-B97F-BC2667A4E899}.Release|x64.Build.0 = Release|x64
		{8EB4E7E2-5C55-40BB-B97F-BC2667A4E899}.Release|x86.ActiveCfg = Release|Win32
		{8EB4E7E2-5C55-40BB-B97F-BC2667A4E899}.Release|x86.Build.0 = Release|Win32
		{752E39BA-D12B-4F05-9635-1B6A6DCFE14B}.Debug|x64.ActiveCfg = Debug|x64
		{752E39BA-D12B-4F05-9635-1B6A6DCFE14B}.Debug|x64.Build.0 = Debug|x64
		{752E39BA-D12B-4F05-9635-1B6A6DCFE14B}.Debug|x86.ActiveCfg = Debug|Win32
		{752E39BA-D12B-4F05-9635-1B6A6DCFE14B}.Debug|x86.Build.0 = Debug|Win32
		{752E39BA-D12B-4F05-9635-1B6A6DCFE14B}.Release|x64.ActiveCfg = Release|x64
		{752E39BA-D12B-4F05-9635-1B6A6DCFE14B}.Release|x64.Build.0 = Release|x64
		{752E39BA-D12B-4F05-9635-1B6A6DCFE14B}.Release|x86.ActiveCfg = Release|Win32
		{752E39BA-D12B-4F05-9635-1B6A6DCFE14B}.Release|x86.Build.0 = Release|Win32
		{3DF1573C-D595-4A45-A3ED-43C5CCCE6042}.Debug|x64.ActiveCfg = Debug|x64
		{3DF1573C-D595-4A45-A3ED-43C5CCCE6042}.Debug|x64.Build.0 = Debug|x64
		{3DF1573C-D595-4A45-A3ED-43C5CCCE6042}.Debug|x86.ActiveCfg = Debug|Win32
		{3DF1573C-D595-4A45-A3ED-43C5CCCE6042}.Debug|x86.Build.0 = Debug|Win32
		{3DF1573C-D595-4A45-A3ED-43C5CCCE6042}.Release|x64.ActiveCfg = Release|x64
		{3DF1573C-D595-4A45-A3ED-43C5CCCE6042}.Release|x64.Build.0 = Release|x64
		{3DF1573C-D595-4A45-A3ED-43C5CCCE6042}.Release|x86.ActiveCfg = Release|Win32
		{3DF1573C-D595-4A45-A3ED-43C5CCCE6042}.Release|x86.Build.0 = Release|Win32
		{9ED96C69-70AA-46FE-B251-D56CD768BAE6}.Debug|x64.ActiveCfg = Debug|x64
		{9ED96C69-70AA-46FE-B251-D56CD768BAE6}.Debug|x64.Build.0 = Debug|x64
		{9ED96C69-70AA-46FE-B251-D56CD768BAE6}.Debug|x86.ActiveCfg = Debug|Win32
		{9ED96C69-70AA-46FE-B251-D56CD768BAE6}.Debug|x86.Build.0 = Debug|Win32
		{9ED96C69-70AA-46FE-B251-D56CD768BAE6}.Release|x64.ActiveCfg = Release|x64
		{9ED96C69-70AA-46FE-B251-D56CD768BAE6}.Release|x64.Build.0 = Release|x64
		{9ED96C69-70AA-46FE-B251-D56CD768BAE6}.Release|x86.ActiveCfg = Release|Win32
		{9ED96C69-70AA-46FE-B251-D56CD768BAE6}.Release|x86.Build.0 = Release|Win32
	EndGlobalSection
	GlobalSection(SolutionProperties) = preSolution
		HideSolutionNode = FALSE
	EndGlobalSection
	GlobalSection(ExtensibilityGlobals) = postSolution
		SolutionGuid = {58DDC522-A0D8-40C7-9E9E-026ED97D873F}
	EndGlobalSection
EndGlobal
